// !$*UTF8*$!
{
	archiveVersion = 1;
	classes = {
	};
	objectVersion = 46;
	objects = {

/* Begin PBXBuildFile section */
		47E7DC5A1D33DCD5000A7761 /* AppDelegate.swift in Sources */ = {isa = PBXBuildFile; fileRef = 47E7DC591D33DCD5000A7761 /* AppDelegate.swift */; };
		47E7DC5F1D33DCD5000A7761 /* Main.storyboard in Resources */ = {isa = PBXBuildFile; fileRef = 47E7DC5D1D33DCD5000A7761 /* Main.storyboard */; };
		47E7DC611D33DCD5000A7761 /* Assets.xcassets in Resources */ = {isa = PBXBuildFile; fileRef = 47E7DC601D33DCD5000A7761 /* Assets.xcassets */; };
		47E7DC641D33DCD5000A7761 /* LaunchScreen.storyboard in Resources */ = {isa = PBXBuildFile; fileRef = 47E7DC621D33DCD5000A7761 /* LaunchScreen.storyboard */; };
		47E7DC6F1D33DCD5000A7761 /* Generic_Dice_RollerTests.swift in Sources */ = {isa = PBXBuildFile; fileRef = 47E7DC6E1D33DCD5000A7761 /* Generic_Dice_RollerTests.swift */; };
		47E7DC7A1D33DCD5000A7761 /* Generic_Dice_RollerUITests.swift in Sources */ = {isa = PBXBuildFile; fileRef = 47E7DC791D33DCD5000A7761 /* Generic_Dice_RollerUITests.swift */; };
		47E7DC881D33E140000A7761 /* MainVC.swift in Sources */ = {isa = PBXBuildFile; fileRef = 47E7DC871D33E140000A7761 /* MainVC.swift */; };
		47E7DC8A1D33FB85000A7761 /* Screen2VC.swift in Sources */ = {isa = PBXBuildFile; fileRef = 47E7DC891D33FB85000A7761 /* Screen2VC.swift */; };
		47E7DC8C1D3401E8000A7761 /* screen3VC.swift in Sources */ = {isa = PBXBuildFile; fileRef = 47E7DC8B1D3401E8000A7761 /* screen3VC.swift */; };
/* End PBXBuildFile section */

/* Begin PBXContainerItemProxy section */
		47E7DC6B1D33DCD5000A7761 /* PBXContainerItemProxy */ = {
			isa = PBXContainerItemProxy;
			containerPortal = 47E7DC4E1D33DCD5000A7761 /* Project object */;
			proxyType = 1;
			remoteGlobalIDString = 47E7DC551D33DCD5000A7761;
			remoteInfo = "Generic Dice Roller";
		};
		47E7DC761D33DCD5000A7761 /* PBXContainerItemProxy */ = {
			isa = PBXContainerItemProxy;
			containerPortal = 47E7DC4E1D33DCD5000A7761 /* Project object */;
			proxyType = 1;
			remoteGlobalIDString = 47E7DC551D33DCD5000A7761;
			remoteInfo = "Generic Dice Roller";
		};
/* End PBXContainerItemProxy section */

/* Begin PBXFileReference section */
		47E7DC561D33DCD5000A7761 /* Generic Dice Roller.app */ = {isa = PBXFileReference; explicitFileType = wrapper.application; includeInIndex = 0; path = "Generic Dice Roller.app"; sourceTree = BUILT_PRODUCTS_DIR; };
		47E7DC591D33DCD5000A7761 /* AppDelegate.swift */ = {isa = PBXFileReference; lastKnownFileType = sourcecode.swift; path = AppDelegate.swift; sourceTree = "<group>"; };
		47E7DC5E1D33DCD5000A7761 /* Base */ = {isa = PBXFileReference; lastKnownFileType = file.storyboard; name = Base; path = Base.lproj/Main.storyboard; sourceTree = "<group>"; };
		47E7DC601D33DCD5000A7761 /* Assets.xcassets */ = {isa = PBXFileReference; lastKnownFileType = folder.assetcatalog; path = Assets.xcassets; sourceTree = "<group>"; };
		47E7DC631D33DCD5000A7761 /* Base */ = {isa = PBXFileReference; lastKnownFileType = file.storyboard; name = Base; path = Base.lproj/LaunchScreen.storyboard; sourceTree = "<group>"; };
		47E7DC651D33DCD5000A7761 /* Info.plist */ = {isa = PBXFileReference; lastKnownFileType = text.plist.xml; path = Info.plist; sourceTree = "<group>"; };
		47E7DC6A1D33DCD5000A7761 /* Generic Dice RollerTests.xctest */ = {isa = PBXFileReference; explicitFileType = wrapper.cfbundle; includeInIndex = 0; path = "Generic Dice RollerTests.xctest"; sourceTree = BUILT_PRODUCTS_DIR; };
		47E7DC6E1D33DCD5000A7761 /* Generic_Dice_RollerTests.swift */ = {isa = PBXFileReference; lastKnownFileType = sourcecode.swift; path = Generic_Dice_RollerTests.swift; sourceTree = "<group>"; };
		47E7DC701D33DCD5000A7761 /* Info.plist */ = {isa = PBXFileReference; lastKnownFileType = text.plist.xml; path = Info.plist; sourceTree = "<group>"; };
		47E7DC751D33DCD5000A7761 /* Generic Dice RollerUITests.xctest */ = {isa = PBXFileReference; explicitFileType = wrapper.cfbundle; includeInIndex = 0; path = "Generic Dice RollerUITests.xctest"; sourceTree = BUILT_PRODUCTS_DIR; };
		47E7DC791D33DCD5000A7761 /* Generic_Dice_RollerUITests.swift */ = {isa = PBXFileReference; lastKnownFileType = sourcecode.swift; path = Generic_Dice_RollerUITests.swift; sourceTree = "<group>"; };
		47E7DC7B1D33DCD5000A7761 /* Info.plist */ = {isa = PBXFileReference; lastKnownFileType = text.plist.xml; path = Info.plist; sourceTree = "<group>"; };
		47E7DC871D33E140000A7761 /* MainVC.swift */ = {isa = PBXFileReference; fileEncoding = 4; lastKnownFileType = sourcecode.swift; path = MainVC.swift; sourceTree = "<group>"; };
		47E7DC891D33FB85000A7761 /* Screen2VC.swift */ = {isa = PBXFileReference; fileEncoding = 4; lastKnownFileType = sourcecode.swift; path = Screen2VC.swift; sourceTree = "<group>"; };
		47E7DC8B1D3401E8000A7761 /* screen3VC.swift */ = {isa = PBXFileReference; fileEncoding = 4; lastKnownFileType = sourcecode.swift; path = screen3VC.swift; sourceTree = "<group>"; };
/* End PBXFileReference section */

/* Begin PBXFrameworksBuildPhase section */
		47E7DC531D33DCD5000A7761 /* Frameworks */ = {
			isa = PBXFrameworksBuildPhase;
			buildActionMask = 2147483647;
			files = (
			);
			runOnlyForDeploymentPostprocessing = 0;
		};
		47E7DC671D33DCD5000A7761 /* Frameworks */ = {
			isa = PBXFrameworksBuildPhase;
			buildActionMask = 2147483647;
			files = (
			);
			runOnlyForDeploymentPostprocessing = 0;
		};
		47E7DC721D33DCD5000A7761 /* Frameworks */ = {
			isa = PBXFrameworksBuildPhase;
			buildActionMask = 2147483647;
			files = (
			);
			runOnlyForDeploymentPostprocessing = 0;
		};
/* End PBXFrameworksBuildPhase section */

/* Begin PBXGroup section */
		47E7DC4D1D33DCD5000A7761 = {
			isa = PBXGroup;
			children = (
				47E7DC581D33DCD5000A7761 /* Generic Dice Roller */,
				47E7DC6D1D33DCD5000A7761 /* Generic Dice RollerTests */,
				47E7DC781D33DCD5000A7761 /* Generic Dice RollerUITests */,
				47E7DC571D33DCD5000A7761 /* Products */,
			);
			sourceTree = "<group>";
		};
		47E7DC571D33DCD5000A7761 /* Products */ = {
			isa = PBXGroup;
			children = (
				47E7DC561D33DCD5000A7761 /* Generic Dice Roller.app */,
				47E7DC6A1D33DCD5000A7761 /* Generic Dice RollerTests.xctest */,
				47E7DC751D33DCD5000A7761 /* Generic Dice RollerUITests.xctest */,
			);
			name = Products;
			sourceTree = "<group>";
		};
		47E7DC581D33DCD5000A7761 /* Generic Dice Roller */ = {
			isa = PBXGroup;
			children = (
				47E7DC591D33DCD5000A7761 /* AppDelegate.swift */,
				47E7DC5D1D33DCD5000A7761 /* Main.storyboard */,
				47E7DC601D33DCD5000A7761 /* Assets.xcassets */,
				47E7DC621D33DCD5000A7761 /* LaunchScreen.storyboard */,
				47E7DC651D33DCD5000A7761 /* Info.plist */,
				47E7DC871D33E140000A7761 /* MainVC.swift */,
				47E7DC891D33FB85000A7761 /* Screen2VC.swift */,
				47E7DC8B1D3401E8000A7761 /* screen3VC.swift */,
			);
			path = "Generic Dice Roller";
			sourceTree = "<group>";
		};
		47E7DC6D1D33DCD5000A7761 /* Generic Dice RollerTests */ = {
			isa = PBXGroup;
			children = (
				47E7DC6E1D33DCD5000A7761 /* Generic_Dice_RollerTests.swift */,
				47E7DC701D33DCD5000A7761 /* Info.plist */,
			);
			path = "Generic Dice RollerTests";
			sourceTree = "<group>";
		};
		47E7DC781D33DCD5000A7761 /* Generic Dice RollerUITests */ = {
			isa = PBXGroup;
			children = (
				47E7DC791D33DCD5000A7761 /* Generic_Dice_RollerUITests.swift */,
				47E7DC7B1D33DCD5000A7761 /* Info.plist */,
			);
			path = "Generic Dice RollerUITests";
			sourceTree = "<group>";
		};
/* End PBXGroup section */

/* Begin PBXNativeTarget section */
		47E7DC551D33DCD5000A7761 /* Generic Dice Roller */ = {
			isa = PBXNativeTarget;
			buildConfigurationList = 47E7DC7E1D33DCD5000A7761 /* Build configuration list for PBXNativeTarget "Generic Dice Roller" */;
			buildPhases = (
				47E7DC521D33DCD5000A7761 /* Sources */,
				47E7DC531D33DCD5000A7761 /* Frameworks */,
				47E7DC541D33DCD5000A7761 /* Resources */,
			);
			buildRules = (
			);
			dependencies = (
			);
			name = "Generic Dice Roller";
			productName = "Generic Dice Roller";
			productReference = 47E7DC561D33DCD5000A7761 /* Generic Dice Roller.app */;
			productType = "com.apple.product-type.application";
		};
		47E7DC691D33DCD5000A7761 /* Generic Dice RollerTests */ = {
			isa = PBXNativeTarget;
			buildConfigurationList = 47E7DC811D33DCD5000A7761 /* Build configuration list for PBXNativeTarget "Generic Dice RollerTests" */;
			buildPhases = (
				47E7DC661D33DCD5000A7761 /* Sources */,
				47E7DC671D33DCD5000A7761 /* Frameworks */,
				47E7DC681D33DCD5000A7761 /* Resources */,
			);
			buildRules = (
			);
			dependencies = (
				47E7DC6C1D33DCD5000A7761 /* PBXTargetDependency */,
			);
			name = "Generic Dice RollerTests";
			productName = "Generic Dice RollerTests";
			productReference = 47E7DC6A1D33DCD5000A7761 /* Generic Dice RollerTests.xctest */;
			productType = "com.apple.product-type.bundle.unit-test";
		};
		47E7DC741D33DCD5000A7761 /* Generic Dice RollerUITests */ = {
			isa = PBXNativeTarget;
			buildConfigurationList = 47E7DC841D33DCD5000A7761 /* Build configuration list for PBXNativeTarget "Generic Dice RollerUITests" */;
			buildPhases = (
				47E7DC711D33DCD5000A7761 /* Sources */,
				47E7DC721D33DCD5000A7761 /* Frameworks */,
				47E7DC731D33DCD5000A7761 /* Resources */,
			);
			buildRules = (
			);
			dependencies = (
				47E7DC771D33DCD5000A7761 /* PBXTargetDependency */,
			);
			name = "Generic Dice RollerUITests";
			productName = "Generic Dice RollerUITests";
			productReference = 47E7DC751D33DCD5000A7761 /* Generic Dice RollerUITests.xctest */;
			productType = "com.apple.product-type.bundle.ui-testing";
		};
/* End PBXNativeTarget section */

/* Begin PBXProject section */
		47E7DC4E1D33DCD5000A7761 /* Project object */ = {
			isa = PBXProject;
			attributes = {
				LastSwiftUpdateCheck = 0730;
				LastUpgradeCheck = 0730;
				ORGANIZATIONNAME = Cosmos;
				TargetAttributes = {
					47E7DC551D33DCD5000A7761 = {
						CreatedOnToolsVersion = 7.3;
					};
					47E7DC691D33DCD5000A7761 = {
						CreatedOnToolsVersion = 7.3;
						TestTargetID = 47E7DC551D33DCD5000A7761;
					};
					47E7DC741D33DCD5000A7761 = {
						CreatedOnToolsVersion = 7.3;
						TestTargetID = 47E7DC551D33DCD5000A7761;
					};
				};
			};
			buildConfigurationList = 47E7DC511D33DCD5000A7761 /* Build configuration list for PBXProject "Generic Dice Roller" */;
			compatibilityVersion = "Xcode 3.2";
			developmentRegion = English;
			hasScannedForEncodings = 0;
			knownRegions = (
				en,
				Base,
			);
			mainGroup = 47E7DC4D1D33DCD5000A7761;
			productRefGroup = 47E7DC571D33DCD5000A7761 /* Products */;
			projectDirPath = "";
			projectRoot = "";
			targets = (
				47E7DC551D33DCD5000A7761 /* Generic Dice Roller */,
				47E7DC691D33DCD5000A7761 /* Generic Dice RollerTests */,
				47E7DC741D33DCD5000A7761 /* Generic Dice RollerUITests */,
			);
		};
/* End PBXProject section */

/* Begin PBXResourcesBuildPhase section */
		47E7DC541D33DCD5000A7761 /* Resources */ = {
			isa = PBXResourcesBuildPhase;
			buildActionMask = 2147483647;
			files = (
				47E7DC641D33DCD5000A7761 /* LaunchScreen.storyboard in Resources */,
				47E7DC611D33DCD5000A7761 /* Assets.xcassets in Resources */,
				47E7DC5F1D33DCD5000A7761 /* Main.storyboard in Resources */,
			);
			runOnlyForDeploymentPostprocessing = 0;
		};
		47E7DC681D33DCD5000A7761 /* Resources */ = {
			isa = PBXResourcesBuildPhase;
			buildActionMask = 2147483647;
			files = (
			);
			runOnlyForDeploymentPostprocessing = 0;
		};
		47E7DC731D33DCD5000A7761 /* Resources */ = {
			isa = PBXResourcesBuildPhase;
			buildActionMask = 2147483647;
			files = (
			);
			runOnlyForDeploymentPostprocessing = 0;
		};
/* End PBXResourcesBuildPhase section */

/* Begin PBXSourcesBuildPhase section */
		47E7DC521D33DCD5000A7761 /* Sources */ = {
			isa = PBXSourcesBuildPhase;
			buildActionMask = 2147483647;
			files = (
				47E7DC8A1D33FB85000A7761 /* Screen2VC.swift in Sources */,
				47E7DC881D33E140000A7761 /* MainVC.swift in Sources */,
				47E7DC8C1D3401E8000A7761 /* screen3VC.swift in Sources */,
				47E7DC5A1D33DCD5000A7761 /* AppDelegate.swift in Sources */,
			);
			runOnlyForDeploymentPostprocessing = 0;
		};
		47E7DC661D33DCD5000A7761 /* Sources */ = {
			isa = PBXSourcesBuildPhase;
			buildActionMask = 2147483647;
			files = (
				47E7DC6F1D33DCD5000A7761 /* Generic_Dice_RollerTests.swift in Sources */,
			);
			runOnlyForDeploymentPostprocessing = 0;
		};
		47E7DC711D33DCD5000A7761 /* Sources */ = {
			isa = PBXSourcesBuildPhase;
			buildActionMask = 2147483647;
			files = (
				47E7DC7A1D33DCD5000A7761 /* Generic_Dice_RollerUITests.swift in Sources */,
			);
			runOnlyForDeploymentPostprocessing = 0;
		};
/* End PBXSourcesBuildPhase section */

/* Begin PBXTargetDependency section */
		47E7DC6C1D33DCD5000A7761 /* PBXTargetDependency */ = {
			isa = PBXTargetDependency;
			target = 47E7DC551D33DCD5000A7761 /* Generic Dice Roller */;
			targetProxy = 47E7DC6B1D33DCD5000A7761 /* PBXContainerItemProxy */;
		};
		47E7DC771D33DCD5000A7761 /* PBXTargetDependency */ = {
			isa = PBXTargetDependency;
			target = 47E7DC551D33DCD5000A7761 /* Generic Dice Roller */;
			targetProxy = 47E7DC761D33DCD5000A7761 /* PBXContainerItemProxy */;
		};
/* End PBXTargetDependency section */

/* Begin PBXVariantGroup section */
		47E7DC5D1D33DCD5000A7761 /* Main.storyboard */ = {
			isa = PBXVariantGroup;
			children = (
				47E7DC5E1D33DCD5000A7761 /* Base */,
			);
			name = Main.storyboard;
			sourceTree = "<group>";
		};
		47E7DC621D33DCD5000A7761 /* LaunchScreen.storyboard */ = {
			isa = PBXVariantGroup;
			children = (
				47E7DC631D33DCD5000A7761 /* Base */,
			);
			name = LaunchScreen.storyboard;
			sourceTree = "<group>";
		};
/* End PBXVariantGroup section */

/* Begin XCBuildConfiguration section */
		47E7DC7C1D33DCD5000A7761 /* Debug */ = {
			isa = XCBuildConfiguration;
			buildSettings = {
				ALWAYS_SEARCH_USER_PATHS = NO;
				CLANG_ANALYZER_NONNULL = YES;
				CLANG_CXX_LANGUAGE_STANDARD = "gnu++0x";
				CLANG_CXX_LIBRARY = "libc++";
				CLANG_ENABLE_MODULES = YES;
				CLANG_ENABLE_OBJC_ARC = YES;
				CLANG_WARN_BOOL_CONVERSION = YES;
				CLANG_WARN_CONSTANT_CONVERSION = YES;
				CLANG_WARN_DIRECT_OBJC_ISA_USAGE = YES_ERROR;
				CLANG_WARN_EMPTY_BODY = YES;
				CLANG_WARN_ENUM_CONVERSION = YES;
				CLANG_WARN_INT_CONVERSION = YES;
				CLANG_WARN_OBJC_ROOT_CLASS = YES_ERROR;
				CLANG_WARN_UNREACHABLE_CODE = YES;
				CLANG_WARN__DUPLICATE_METHOD_MATCH = YES;
				"CODE_SIGN_IDENTITY[sdk=iphoneos*]" = "iPhone Developer";
				COPY_PHASE_STRIP = NO;
				DEBUG_INFORMATION_FORMAT = dwarf;
				ENABLE_STRICT_OBJC_MSGSEND = YES;
				ENABLE_TESTABILITY = YES;
				GCC_C_LANGUAGE_STANDARD = gnu99;
				GCC_DYNAMIC_NO_PIC = NO;
				GCC_NO_COMMON_BLOCKS = YES;
				GCC_OPTIMIZATION_LEVEL = 0;
				GCC_PREPROCESSOR_DEFINITIONS = (
					"DEBUG=1",
					"$(inherited)",
				);
				GCC_WARN_64_TO_32_BIT_CONVERSION = YES;
				GCC_WARN_ABOUT_RETURN_TYPE = YES_ERROR;
				GCC_WARN_UNDECLARED_SELECTOR = YES;
				GCC_WARN_UNINITIALIZED_AUTOS = YES_AGGRESSIVE;
				GCC_WARN_UNUSED_FUNCTION = YES;
				GCC_WARN_UNUSED_VARIABLE = YES;
				IPHONEOS_DEPLOYMENT_TARGET = 9.3;
				MTL_ENABLE_DEBUG_INFO = YES;
				ONLY_ACTIVE_ARCH = YES;
				SDKROOT = iphoneos;
				SWIFT_OPTIMIZATION_LEVEL = "-Onone";
			};
			name = Debug;
		};
		47E7DC7D1D33DCD5000A7761 /* Release */ = {
			isa = XCBuildConfiguration;
			buildSettings = {
				ALWAYS_SEARCH_USER_PATHS = NO;
				CLANG_ANALYZER_NONNULL = YES;
				CLANG_CXX_LANGUAGE_STANDARD = "gnu++0x";
				CLANG_CXX_LIBRARY = "libc++";
				CLANG_ENABLE_MODULES = YES;
				CLANG_ENABLE_OBJC_ARC = YES;
				CLANG_WARN_BOOL_CONVERSION = YES;
				CLANG_WARN_CONSTANT_CONVERSION = YES;
				CLANG_WARN_DIRECT_OBJC_ISA_USAGE = YES_ERROR;
				CLANG_WARN_EMPTY_BODY = YES;
				CLANG_WARN_ENUM_CONVERSION = YES;
				CLANG_WARN_INT_CONVERSION = YES;
				CLANG_WARN_OBJC_ROOT_CLASS = YES_ERROR;
				CLANG_WARN_UNREACHABLE_CODE = YES;
				CLANG_WARN__DUPLICATE_METHOD_MATCH = YES;
				"CODE_SIGN_IDENTITY[sdk=iphoneos*]" = "iPhone Developer";
				COPY_PHASE_STRIP = NO;
				DEBUG_INFORMATION_FORMAT = "dwarf-with-dsym";
				ENABLE_NS_ASSERTIONS = NO;
				ENABLE_STRICT_OBJC_MSGSEND = YES;
				GCC_C_LANGUAGE_STANDARD = gnu99;
				GCC_NO_COMMON_BLOCKS = YES;
				GCC_WARN_64_TO_32_BIT_CONVERSION = YES;
				GCC_WARN_ABOUT_RETURN_TYPE = YES_ERROR;
				GCC_WARN_UNDECLARED_SELECTOR = YES;
				GCC_WARN_UNINITIALIZED_AUTOS = YES_AGGRESSIVE;
				GCC_WARN_UNUSED_FUNCTION = YES;
				GCC_WARN_UNUSED_VARIABLE = YES;
				IPHONEOS_DEPLOYMENT_TARGET = 9.3;
				MTL_ENABLE_DEBUG_INFO = NO;
				SDKROOT = iphoneos;
				VALIDATE_PRODUCT = YES;
			};
			name = Release;
		};
		47E7DC7F1D33DCD5000A7761 /* Debug */ = {
			isa = XCBuildConfiguration;
			buildSettings = {
				ASSETCATALOG_COMPILER_APPICON_NAME = AppIcon;
				INFOPLIST_FILE = "Generic Dice Roller/Info.plist";
				LD_RUNPATH_SEARCH_PATHS = "$(inherited) @executable_path/Frameworks";
				PRODUCT_BUNDLE_IDENTIFIER = "com.bueltmann.Generic-Dice-Roller";
				PRODUCT_NAME = "$(TARGET_NAME)";
			};
			name = Debug;
		};
		47E7DC801D33DCD5000A7761 /* Release */ = {
			isa = XCBuildConfiguration;
			buildSettings = {
				ASSETCATALOG_COMPILER_APPICON_NAME = AppIcon;
				INFOPLIST_FILE = "Generic Dice Roller/Info.plist";
				LD_RUNPATH_SEARCH_PATHS = "$(inherited) @executable_path/Frameworks";
				PRODUCT_BUNDLE_IDENTIFIER = "com.bueltmann.Generic-Dice-Roller";
				PRODUCT_NAME = "$(TARGET_NAME)";
			};
			name = Release;
		};
		47E7DC821D33DCD5000A7761 /* Debug */ = {
			isa = XCBuildConfiguration;
			buildSettings = {
				BUNDLE_LOADER = "$(TEST_HOST)";
				INFOPLIST_FILE = "Generic Dice RollerTests/Info.plist";
				LD_RUNPATH_SEARCH_PATHS = "$(inherited) @executable_path/Frameworks @loader_path/Frameworks";
				PRODUCT_BUNDLE_IDENTIFIER = "com.bueltmann.Generic-Dice-RollerTests";
				PRODUCT_NAME = "$(TARGET_NAME)";
				TEST_HOST = "$(BUILT_PRODUCTS_DIR)/Generic Dice Roller.app/Generic Dice Roller";
			};
			name = Debug;
		};
		47E7DC831D33DCD5000A7761 /* Release */ = {
			isa = XCBuildConfiguration;
			buildSettings = {
				BUNDLE_LOADER = "$(TEST_HOST)";
				INFOPLIST_FILE = "Generic Dice RollerTests/Info.plist";
				LD_RUNPATH_SEARCH_PATHS = "$(inherited) @executable_path/Frameworks @loader_path/Frameworks";
				PRODUCT_BUNDLE_IDENTIFIER = "com.bueltmann.Generic-Dice-RollerTests";
				PRODUCT_NAME = "$(TARGET_NAME)";
				TEST_HOST = "$(BUILT_PRODUCTS_DIR)/Generic Dice Roller.app/Generic Dice Roller";
			};
			name = Release;
		};
		47E7DC851D33DCD5000A7761 /* Debug */ = {
			isa = XCBuildConfiguration;
			buildSettings = {
				INFOPLIST_FILE = "Generic Dice RollerUITests/Info.plist";
				LD_RUNPATH_SEARCH_PATHS = "$(inherited) @executable_path/Frameworks @loader_path/Frameworks";
				PRODUCT_BUNDLE_IDENTIFIER = "com.bueltmann.Generic-Dice-RollerUITests";
				PRODUCT_NAME = "$(TARGET_NAME)";
				TEST_TARGET_NAME = "Generic Dice Roller";
			};
			name = Debug;
		};
		47E7DC861D33DCD5000A7761 /* Release */ = {
			isa = XCBuildConfiguration;
			buildSettings = {
				INFOPLIST_FILE = "Generic Dice RollerUITests/Info.plist";
				LD_RUNPATH_SEARCH_PATHS = "$(inherited) @executable_path/Frameworks @loader_path/Frameworks";
				PRODUCT_BUNDLE_IDENTIFIER = "com.bueltmann.Generic-Dice-RollerUITests";
				PRODUCT_NAME = "$(TARGET_NAME)";
				TEST_TARGET_NAME = "Generic Dice Roller";
			};
			name = Release;
		};
/* End XCBuildConfiguration section */

/* Begin XCConfigurationList section */
		47E7DC511D33DCD5000A7761 /* Build configuration list for PBXProject "Generic Dice Roller" */ = {
			isa = XCConfigurationList;
			buildConfigurations = (
				47E7DC7C1D33DCD5000A7761 /* Debug */,
				47E7DC7D1D33DCD5000A7761 /* Release */,
			);
			defaultConfigurationIsVisible = 0;
			defaultConfigurationName = Release;
		};
		47E7DC7E1D33DCD5000A7761 /* Build configuration list for PBXNativeTarget "Generic Dice Roller" */ = {
			isa = XCConfigurationList;
			buildConfigurations = (
				47E7DC7F1D33DCD5000A7761 /* Debug */,
				47E7DC801D33DCD5000A7761 /* Release */,
			);
			defaultConfigurationIsVisible = 0;
		};
		47E7DC811D33DCD5000A7761 /* Build configuration list for PBXNativeTarget "Generic Dice RollerTests" */ = {
			isa = XCConfigurationList;
			buildConfigurations = (
				47E7DC821D33DCD5000A7761 /* Debug */,
				47E7DC831D33DCD5000A7761 /* Release */,
			);
			defaultConfigurationIsVisible = 0;
		};
		47E7DC841D33DCD5000A7761 /* Build configuration list for PBXNativeTarget "Generic Dice RollerUITests" */ = {
			isa = XCConfigurationList;
			buildConfigurations = (
				47E7DC851D33DCD5000A7761 /* Debug */,
				47E7DC861D33DCD5000A7761 /* Release */,
			);
			defaultConfigurationIsVisible = 0;
		};
/* End XCConfigurationList section */
	};
	rootObject = 47E7DC4E1D33DCD5000A7761 /* Project object */;
}
